
Microsoft Visual Studio Solution File, Format Version 12.00
# Visual Studio Version 17
VisualStudioVersion = 17.13.35825.156
MinimumVisualStudioVersion = 10.0.40219.1
Project("{FAE04EC0-301F-11D3-BF4B-00C04F79EFBC}") = "ChatApplication", "ChatApplication.csproj", "{54FA170B-D62D-4556-B414-B4E02B2B29A7}"
EndProject
Project("{2150E333-8FDC-42A3-9474-1A3956D46DE8}") = "Solution Items", "Solution Items", "{8EC462FD-D22E-90A8-E5CE-7E832BA40C5D}"
	ProjectSection(SolutionItems) = preProject
		ChatClientExceptions.cs = ChatClientExceptions.cs
		ChatConversation.cs = ChatConversation.cs
		ChatMessage.cs = ChatMessage.cs
		ChatSettings.cs = ChatSettings.cs
		ChatViewModel.cs = ChatViewModel.cs
		MainViewModel.cs = MainViewModel.cs
		NetworkService.cs = NetworkService.cs
		PersistenceService.cs = PersistenceService.cs
		ProtocolMessage.cs = ProtocolMessage.cs
	EndProjectSection
EndProject
Global
	GlobalSection(SolutionConfigurationPlatforms) = preSolution
		Debug|Any CPU = Debug|Any CPU
		Release|Any CPU = Release|Any CPU
	EndGlobalSection
	GlobalSection(ProjectConfigurationPlatforms) = postSolution
		{54FA170B-D62D-4556-B414-B4E02B2B29A7}.Debug|Any CPU.ActiveCfg = Debug|Any CPU
		{54FA170B-D62D-4556-B414-B4E02B2B29A7}.Debug|Any CPU.Build.0 = Debug|Any CPU
		{54FA170B-D62D-4556-B414-B4E02B2B29A7}.Release|Any CPU.ActiveCfg = Release|Any CPU
		{54FA170B-D62D-4556-B414-B4E02B2B29A7}.Release|Any CPU.Build.0 = Release|Any CPU
	EndGlobalSection
	GlobalSection(SolutionProperties) = preSolution
		HideSolutionNode = FALSE
	EndGlobalSection
	GlobalSection(ExtensibilityGlobals) = postSolution
		SolutionGuid = {E454978B-1843-4133-8140-83E5ED4D5600}
	EndGlobalSection
EndGlobal
